
Microsoft Visual Studio Solution File, Format Version 12.00
Project("{FAE04EC0-301F-11D3-BF4B-00C04F79EFBC}") = "VulnerableQuestions", "VulnerableQuestions\VulnerableQuestions.csproj", "{9D885408-09BD-47E7-9324-195C41BB2129}"
EndProject
Project("{2150E333-8FDC-42A3-9474-1A3956D46DE8}") = "Solution Items", "Solution Items", "{A50E61C9-E78F-4CDE-8FC0-EC7A84889D6D}"
	ProjectSection(SolutionItems) = preProject
		docker-compose.yml = docker-compose.yml
	EndProjectSection
EndProject
Global
	GlobalSection(SolutionConfigurationPlatforms) = preSolution
		Debug|Any CPU = Debug|Any CPU
		Release|Any CPU = Release|Any CPU
	EndGlobalSection
	GlobalSection(ProjectConfigurationPlatforms) = postSolution
		{9D885408-09BD-47E7-9324-195C41BB2129}.Debug|Any CPU.ActiveCfg = Debug|Any CPU
		{9D885408-09BD-47E7-9324-195C41BB2129}.Debug|Any CPU.Build.0 = Debug|Any CPU
		{9D885408-09BD-47E7-9324-195C41BB2129}.Release|Any CPU.ActiveCfg = Release|Any CPU
		{9D885408-09BD-47E7-9324-195C41BB2129}.Release|Any CPU.Build.0 = Release|Any CPU
	EndGlobalSection
EndGlobal
